PODS:
  - Alamofire (4.3.0)
  - BFPaperTabBarController (2.2.6)
  - DZNEmptyDataSet (1.8.1)
  - Firebase/Core (3.14.0):
    - FirebaseAnalytics (= 3.7.0)
    - FirebaseCore (= 3.5.1)
  - Firebase/Messaging (3.14.0):
    - Firebase/Core
    - FirebaseMessaging (= 1.2.2)
  - FirebaseAnalytics (3.7.0):
    - FirebaseCore (~> 3.5)
    - FirebaseInstanceID (~> 1.0)
    - GoogleToolboxForMac/NSData+zlib (~> 2.1)
  - FirebaseCore (3.5.1):
    - GoogleToolboxForMac/NSData+zlib (~> 2.1)
  - FirebaseInstanceID (1.0.9)
  - FirebaseMessaging (1.2.2):
    - FirebaseAnalytics (~> 3.7)
    - FirebaseInstanceID (~> 1.0)
    - GoogleToolboxForMac/Logger (~> 2.1)
    - Protobuf (~> 3.1)
  - GoogleToolboxForMac/Defines (2.1.1)
  - GoogleToolboxForMac/Logger (2.1.1):
    - GoogleToolboxForMac/Defines (= 2.1.1)
  - GoogleToolboxForMac/NSData+zlib (2.1.1):
    - GoogleToolboxForMac/Defines (= 2.1.1)
  - Instructions (0.5.0):
    - Instructions/Core (= 0.5.0)
  - Instructions/Core (0.5.0)
  - iRate (1.11.7)
  - ObjectMapper (2.2.3)
  - Protobuf (3.2.0)
  - Realm (2.1.2):
    - Realm/Headers (= 2.1.2)
  - Realm/Headers (2.1.2)
  - RealmSwift (2.1.2):
    - Realm (= 2.1.2)
  - SVProgressHUD (2.1.2)
  - SwiftTask (5.0.0)
  - SwiftyJSON (3.1.4)

DEPENDENCIES:
  - Alamofire (from `https://github.com/Alamofire/Alamofire.git`, branch `master`)
  - BFPaperTabBarController
  - DZNEmptyDataSet (~> 1.8.1)
  - Firebase/Core
  - Firebase/Messaging
  - Instructions (from `https://github.com/ephread/Instructions`, branch `master`)
  - iRate
  - ObjectMapper (~> 2.2.0)
  - RealmSwift (~> 2.1.2)
  - SVProgressHUD (~> 2.1.2)
  - SwiftTask (from `https://github.com/ReactKit/SwiftTask`, branch `swift/3.0`)
  - SwiftyJSON (~> 3.1.1)

EXTERNAL SOURCES:
  Alamofire:
    :branch: master
    :git: https://github.com/Alamofire/Alamofire.git
  Instructions:
    :branch: master
    :git: https://github.com/ephread/Instructions
  SwiftTask:
    :branch: swift/3.0
    :git: https://github.com/ReactKit/SwiftTask

CHECKOUT OPTIONS:
  Alamofire:
    :commit: fa3c6d09b603f417c7788adb51ca0cade75b3d67
    :git: https://github.com/Alamofire/Alamofire.git
  Instructions:
    :commit: e8b448d108908d9bb47f5d1b00f57fcc0d77e6f3
    :git: https://github.com/ephread/Instructions
  SwiftTask:
    :commit: 98f89883509d27229d60ff3f2ececdd82a46d674
    :git: https://github.com/ReactKit/SwiftTask

SPEC CHECKSUMS:
  Alamofire: 1f72088aff8f6b40828dadd61be2e9a31beca01e
  BFPaperTabBarController: b8e844b72c7063adbf498b92a09a5ba49249877a
  DZNEmptyDataSet: 9525833b9e68ac21c30253e1d3d7076cc828eaa7
  Firebase: 85a581fb04e44f63ae9f4fbc8d6dabf4a4c18653
  FirebaseAnalytics: 0d1b7d81d5021155be37702a94ba1ec16d45365d
  FirebaseCore: 225d40532489835a034b8f4e2c9c87fbf4f615a2
  FirebaseInstanceID: 2d0518b1378fe9d685ef40cbdd63d2fdc1125339
  FirebaseMessaging: df8267f378580a24174ce7861233aa11d5c90109
  GoogleToolboxForMac: 8e329f1b599f2512c6b10676d45736bcc2cbbeb0
  Instructions: 6976f674ce788aefec475be6f18500572f1645d4
  iRate: adae3f183d83c925ac42d7a2e86e89e838963f57
  ObjectMapper: d3b3de11267f5d971f390eb8d63dd509116a4329
  Protobuf: 745f59e122e5de98d4d7ef291e264a0eef80f58e
  Realm: efe855f4d977c8ce5a82d3116d9f1ff155a6550c
  RealmSwift: 17d6ee30b6f9df86364408c2197492e33bfea567
  SVProgressHUD: c404a55d78acbeb7ebb78b76d3faf986475a6994
  SwiftTask: 7fcd92f8ac16876e82c0e4ced0cea7e028456b6b
  SwiftyJSON: c2842d878f95482ffceec5709abc3d05680c0220

PODFILE CHECKSUM: 9ddbe00a841d65f45e044e1120fd7f57e82de4c9

COCOAPODS: 1.0.1
