PODS:
  - Alamofire (3.5.1)
  - BFPaperTabBarController (2.2.6)
  - DZNEmptyDataSet (1.8.1)
  - Firebase/Core (3.13.0):
    - FirebaseAnalytics (= 3.7.0)
    - FirebaseCore (= 3.5.0)
  - Firebase/Messaging (3.13.0):
    - Firebase/Core
    - FirebaseMessaging (= 1.2.2)
  - FirebaseAnalytics (3.7.0):
    - FirebaseCore (~> 3.5)
    - FirebaseInstanceID (~> 1.0)
    - GoogleToolboxForMac/NSData+zlib (~> 2.1)
  - FirebaseCore (3.5.0):
    - GoogleToolboxForMac/NSData+zlib (~> 2.1)
  - FirebaseInstanceID (1.0.9)
  - FirebaseMessaging (1.2.2):
    - FirebaseAnalytics (~> 3.7)
    - FirebaseInstanceID (~> 1.0)
    - GoogleToolboxForMac/Logger (~> 2.1)
    - Protobuf (~> 3.1)
  - GoogleToolboxForMac/Defines (2.1.1)
  - GoogleToolboxForMac/Logger (2.1.1):
    - GoogleToolboxForMac/Defines (= 2.1.1)
  - GoogleToolboxForMac/NSData+zlib (2.1.1):
    - GoogleToolboxForMac/Defines (= 2.1.1)
  - Instructions (0.5.0):
    - Instructions/Core (= 0.5.0)
  - Instructions/Core (0.5.0)
  - iRate (1.11.7)
  - ObjectMapper (0.19)
  - Protobuf (3.2.0)
  - Realm (2.1.2):
    - Realm/Headers (= 2.1.2)
  - Realm/Headers (2.1.2)
  - RealmSwift (2.1.2):
    - Realm (= 2.1.2)
  - SVProgressHUD (2.1.2)
  - SwiftTask (5.0.0)

DEPENDENCIES:
  - Alamofire (~> 3.0)
  - BFPaperTabBarController
  - DZNEmptyDataSet (~> 1.8.1)
  - Firebase/Core
  - Firebase/Messaging
  - Instructions (~> 0.5)
  - iRate
  - ObjectMapper (~> 0.17)
  - RealmSwift (~> 2.1.2)
  - SVProgressHUD (~> 2.1.2)
  - SwiftTask (~> 5.0.0)

SPEC CHECKSUMS:
  Alamofire: 0dfba1184a543e2aa160f4e39cac4e8aba48d223
  BFPaperTabBarController: b8e844b72c7063adbf498b92a09a5ba49249877a
  DZNEmptyDataSet: 9525833b9e68ac21c30253e1d3d7076cc828eaa7
  Firebase: 5bc34d7b5ff5792e3386c8b28dc6265deeab0da4
  FirebaseAnalytics: 0d1b7d81d5021155be37702a94ba1ec16d45365d
  FirebaseCore: 1c0a13bf59bb95cdd19577252499f0ec6a03e999
  FirebaseInstanceID: 2d0518b1378fe9d685ef40cbdd63d2fdc1125339
  FirebaseMessaging: df8267f378580a24174ce7861233aa11d5c90109
  GoogleToolboxForMac: 8e329f1b599f2512c6b10676d45736bcc2cbbeb0
  Instructions: 6976f674ce788aefec475be6f18500572f1645d4
  iRate: adae3f183d83c925ac42d7a2e86e89e838963f57
  ObjectMapper: a88114e5df20f055da63029f25cbc01014847c91
  Protobuf: 745f59e122e5de98d4d7ef291e264a0eef80f58e
  Realm: efe855f4d977c8ce5a82d3116d9f1ff155a6550c
  RealmSwift: 17d6ee30b6f9df86364408c2197492e33bfea567
  SVProgressHUD: c404a55d78acbeb7ebb78b76d3faf986475a6994
  SwiftTask: 7fcd92f8ac16876e82c0e4ced0cea7e028456b6b

PODFILE CHECKSUM: cad234239d8755b8f747e075d5788eca2292e1b4

COCOAPODS: 1.0.1
